version = 1
revision = 3
requires-python = ">=3.10"
resolution-markers = [
    "python_full_version >= '3.14'",
    "python_full_version >= '3.12' and python_full_version < '3.14'",
    "python_full_version == '3.11.*'",
    "python_full_version < '3.11'",
]

[[package]]
name = "astroid"
version = "3.1.0"
source = { registry = "https://nexus3.rabobank.nl/repository/pypi-proxy/simple" }
dependencies = [
    { name = "typing-extensions", marker = "python_full_version < '3.11'" },
]
sdist = { url = "https://nexus3.rabobank.nl/repository/pypi-proxy/packages/astroid/3.1.0/astroid-3.1.0.tar.gz", hash = "sha256:ac248253bfa4bd924a0de213707e7ebeeb3138abeb48d798784ead1e56d419d4" }
wheels = [
    { url = "https://nexus3.rabobank.nl/repository/pypi-proxy/packages/astroid/3.1.0/astroid-3.1.0-py3-none-any.whl", hash = "sha256:951798f922990137ac090c53af473db7ab4e70c770e6d7fae0cec59f74411819" },
]

[[package]]
name = "black"
version = "24.3.0"
source = { registry = "https://nexus3.rabobank.nl/repository/pypi-proxy/simple" }
dependencies = [
    { name = "click" },
    { name = "mypy-extensions" },
    { name = "packaging" },
    { name = "pathspec" },
    { name = "platformdirs" },
    { name = "tomli", marker = "python_full_version < '3.11'" },
    { name = "typing-extensions", marker = "python_full_version < '3.11'" },
]
sdist = { url = "https://nexus3.rabobank.nl/repository/pypi-proxy/packages/black/24.3.0/black-24.3.0.tar.gz", hash = "sha256:a0c9c4a0771afc6919578cec71ce82a3e31e054904e7197deacbc9382671c41f" }
wheels = [
    { url = "https://nexus3.rabobank.nl/repository/pypi-proxy/packages/black/24.3.0/black-24.3.0-cp310-cp310-macosx_10_9_x86_64.whl", hash = "sha256:7d5e026f8da0322b5662fa7a8e752b3fa2dac1c1cbc213c3d7ff9bdd0ab12395" },
    { url = "https://nexus3.rabobank.nl/repository/pypi-proxy/packages/black/24.3.0/black-24.3.0-cp310-cp310-macosx_11_0_arm64.whl", hash = "sha256:9f50ea1132e2189d8dff0115ab75b65590a3e97de1e143795adb4ce317934995" },
    { url = "https://nexus3.rabobank.nl/repository/pypi-proxy/packages/black/24.3.0/black-24.3.0-cp310-cp310-manylinux_2_17_x86_64.manylinux2014_x86_64.whl", hash = "sha256:e2af80566f43c85f5797365077fb64a393861a3730bd110971ab7a0c94e873e7" },
    { url = "https://nexus3.rabobank.nl/repository/pypi-proxy/packages/black/24.3.0/black-24.3.0-cp310-cp310-win_amd64.whl", hash = "sha256:4be5bb28e090456adfc1255e03967fb67ca846a03be7aadf6249096100ee32d0" },
    { url = "https://nexus3.rabobank.nl/repository/pypi-proxy/packages/black/24.3.0/black-24.3.0-cp311-cp311-macosx_10_9_x86_64.whl", hash = "sha256:4f1373a7808a8f135b774039f61d59e4be7eb56b2513d3d2f02a8b9365b8a8a9" },
    { url = "https://nexus3.rabobank.nl/repository/pypi-proxy/packages/black/24.3.0/black-24.3.0-cp311-cp311-macosx_11_0_arm64.whl", hash = "sha256:aadf7a02d947936ee418777e0247ea114f78aff0d0959461057cae8a04f20597" },
    { url = "https://nexus3.rabobank.nl/repository/pypi-proxy/packages/black/24.3.0/black-24.3.0-cp311-cp311-manylinux_2_17_x86_64.manylinux2014_x86_64.whl", hash = "sha256:65c02e4ea2ae09d16314d30912a58ada9a5c4fdfedf9512d23326128ac08ac3d" },
    { url = "https://nexus3.rabobank.nl/repository/pypi-proxy/packages/black/24.3.0/black-24.3.0-cp311-cp311-win_amd64.whl", hash = "sha256:bf21b7b230718a5f08bd32d5e4f1db7fc8788345c8aea1d155fc17852b3410f5" },
    { url = "https://nexus3.rabobank.nl/repository/pypi-proxy/packages/black/24.3.0/black-24.3.0-cp312-cp312-macosx_10_9_x86_64.whl", hash = "sha256:2818cf72dfd5d289e48f37ccfa08b460bf469e67fb7c4abb07edc2e9f16fb63f" },
    { url = "https://nexus3.rabobank.nl/repository/pypi-proxy/packages/black/24.3.0/black-24.3.0-cp312-cp312-macosx_11_0_arm64.whl", hash = "sha256:4acf672def7eb1725f41f38bf6bf425c8237248bb0804faa3965c036f7672d11" },
    { url = "https://nexus3.rabobank.nl/repository/pypi-proxy/packages/black/24.3.0/black-24.3.0-cp312-cp312-manylinux_2_17_x86_64.manylinux2014_x86_64.whl", hash = "sha256:c7ed6668cbbfcd231fa0dc1b137d3e40c04c7f786e626b405c62bcd5db5857e4" },
    { url = "https://nexus3.rabobank.nl/repository/pypi-proxy/packages/black/24.3.0/black-24.3.0-cp312-cp312-win_amd64.whl", hash = "sha256:56f52cfbd3dabe2798d76dbdd299faa046a901041faf2cf33288bc4e6dae57b5" },
    { url = "https://nexus3.rabobank.nl/repository/pypi-proxy/packages/black/24.3.0/black-24.3.0-py3-none-any.whl", hash = "sha256:41622020d7120e01d377f74249e677039d20e6344ff5851de8a10f11f513bf93" },
]

[[package]]
name = "chispa"
version = "0.9.2"
source = { registry = "https://nexus3.rabobank.nl/repository/pypi-proxy/simple" }
sdist = { url = "https://nexus3.rabobank.nl/repository/pypi-proxy/packages/chispa/0.9.2/chispa-0.9.2.tar.gz", hash = "sha256:621ad2e64fd27e7372c7b90ab2d5ad1f8dd69b737a3421ba5b6f84b113a18b84" }
wheels = [
    { url = "https://nexus3.rabobank.nl/repository/pypi-proxy/packages/chispa/0.9.2/chispa-0.9.2-py3-none-any.whl", hash = "sha256:c6eae922f5c3ccd08f4dc3707202291bb249e68e319d0641795d92d80cfb1cad" },
]

[[package]]
name = "click"
version = "8.4.1"
source = { registry = "https://nexus3.rabobank.nl/repository/pypi-proxy/simple" }
dependencies = [
    { name = "colorama", marker = "sys_platform == 'win32'" },
]
sdist = { url = "https://nexus3.rabobank.nl/repository/pypi-proxy/packages/click/8.4.1/click-8.4.1.tar.gz", hash = "sha256:918b5633eddf6b41c32d4f454bf0de810065c74e3f7dbf8ee5452f8be88d3e96" }
wheels = [
    { url = "https://nexus3.rabobank.nl/repository/pypi-proxy/packages/click/8.4.1/click-8.4.1-py3-none-any.whl", hash = "sha256:482be17c6991b8c19c5429a1e995d9b0efdbb63172824c41f99965dc0ade8ec2" },
]

[[package]]
name = "colorama"
version = "0.4.6"
source = { registry = "https://nexus3.rabobank.nl/repository/pypi-proxy/simple" }
sdist = { url = "https://nexus3.rabobank.nl/repository/pypi-proxy/packages/colorama/0.4.6/colorama-0.4.6.tar.gz", hash = "sha256:08695f5cb7ed6e0531a20572697297273c47b8cae5a63ffc6d6ed5c201be6e44" }
wheels = [
    { url = "https://nexus3.rabobank.nl/repository/pypi-proxy/packages/colorama/0.4.6/colorama-0.4.6-py2.py3-none-any.whl", hash = "sha256:4f1d9991f5acc0ca119f9d443620b77f9d6b33703e51011c16baf57afb285fc6" },
]

[[package]]
name = "dill"
version = "0.4.1"
source = { registry = "https://nexus3.rabobank.nl/repository/pypi-proxy/simple" }
sdist = { url = "https://nexus3.rabobank.nl/repository/pypi-proxy/packages/dill/0.4.1/dill-0.4.1.tar.gz", hash = "sha256:423092df4182177d4d8ba8290c8a5b640c66ab35ec7da59ccfa00f6fa3eea5fa" }
wheels = [
    { url = "https://nexus3.rabobank.nl/repository/pypi-proxy/packages/dill/0.4.1/dill-0.4.1-py3-none-any.whl", hash = "sha256:1e1ce33e978ae97fcfcff5638477032b801c46c7c65cf717f95fbc2248f79a9d" },
]

[[package]]
name = "eternalsalesdata"
version = "0.1.0"
source = { editable = "." }
dependencies = [
    { name = "pyspark" },
]

[package.optional-dependencies]
dev = [
    { name = "black" },
    { name = "chispa" },
    { name = "mypy" },
    { name = "pylint" },
    { name = "pytest" },
    { name = "setuptools" },
]

[package.metadata]
requires-dist = [
    { name = "black", marker = "extra == 'dev'", specifier = "==24.3.0" },
    { name = "chispa", marker = "extra == 'dev'", specifier = "==0.9.2" },
    { name = "mypy", marker = "extra == 'dev'", specifier = "==1.9.0" },
    { name = "pylint", marker = "extra == 'dev'", specifier = "==3.1.0" },
    { name = "pyspark", specifier = "==3.5.0" },
    { name = "pytest", marker = "extra == 'dev'", specifier = "==7.4.4" },
    { name = "setuptools", marker = "extra == 'dev'", specifier = "==80.10.2" },
]
provides-extras = ["dev"]

[[package]]
name = "exceptiongroup"
version = "1.3.1"
source = { registry = "https://nexus3.rabobank.nl/repository/pypi-proxy/simple" }
dependencies = [
    { name = "typing-extensions", marker = "python_full_version < '3.11'" },
]
sdist = { url = "https://nexus3.rabobank.nl/repository/pypi-proxy/packages/exceptiongroup/1.3.1/exceptiongroup-1.3.1.tar.gz", hash = "sha256:8b412432c6055b0b7d14c310000ae93352ed6754f70fa8f7c34141f91c4e3219" }
wheels = [
    { url = "https://nexus3.rabobank.nl/repository/pypi-proxy/packages/exceptiongroup/1.3.1/exceptiongroup-1.3.1-py3-none-any.whl", hash = "sha256:a7a39a3bd276781e98394987d3a5701d0c4edffb633bb7a5144577f82c773598" },
]

[[package]]
name = "iniconfig"
version = "2.3.0"
source = { registry = "https://nexus3.rabobank.nl/repository/pypi-proxy/simple" }
sdist = { url = "https://nexus3.rabobank.nl/repository/pypi-proxy/packages/iniconfig/2.3.0/iniconfig-2.3.0.tar.gz", hash = "sha256:c76315c77db068650d49c5b56314774a7804df16fee4402c1f19d6d15d8c4730" }
wheels = [
    { url = "https://nexus3.rabobank.nl/repository/pypi-proxy/packages/iniconfig/2.3.0/iniconfig-2.3.0-py3-none-any.whl", hash = "sha256:f631c04d2c48c52b84d0d0549c99ff3859c98df65b3101406327ecc7d53fbf12" },
]

[[package]]
name = "isort"
version = "5.13.2"
source = { registry = "https://nexus3.rabobank.nl/repository/pypi-proxy/simple" }
sdist = { url = "https://nexus3.rabobank.nl/repository/pypi-proxy/packages/isort/5.13.2/isort-5.13.2.tar.gz", hash = "sha256:48fdfcb9face5d58a4f6dde2e72a1fb8dcaf8ab26f95ab49fab84c2ddefb0109" }
wheels = [
    { url = "https://nexus3.rabobank.nl/repository/pypi-proxy/packages/isort/5.13.2/isort-5.13.2-py3-none-any.whl", hash = "sha256:8ca5e72a8d85860d5a3fa69b8745237f2939afe12dbf656afbcb47fe72d947a6" },
]

[[package]]
name = "mccabe"
version = "0.7.0"
source = { registry = "https://nexus3.rabobank.nl/repository/pypi-proxy/simple" }
sdist = { url = "https://nexus3.rabobank.nl/repository/pypi-proxy/packages/mccabe/0.7.0/mccabe-0.7.0.tar.gz", hash = "sha256:348e0240c33b60bbdf4e523192ef919f28cb2c3d7d5c7794f74009290f236325" }
wheels = [
    { url = "https://nexus3.rabobank.nl/repository/pypi-proxy/packages/mccabe/0.7.0/mccabe-0.7.0-py2.py3-none-any.whl", hash = "sha256:6c2d30ab6be0e4a46919781807b4f0d834ebdd6c6e3dca0bda5a15f863427b6e" },
]

[[package]]
name = "mypy"
version = "1.9.0"
source = { registry = "https://nexus3.rabobank.nl/repository/pypi-proxy/simple" }
dependencies = [
    { name = "mypy-extensions" },
    { name = "tomli", marker = "python_full_version < '3.11'" },
    { name = "typing-extensions" },
]
sdist = { url = "https://nexus3.rabobank.nl/repository/pypi-proxy/packages/mypy/1.9.0/mypy-1.9.0.tar.gz", hash = "sha256:3cc5da0127e6a478cddd906068496a97a7618a21ce9b54bde5bf7e539c7af974" }
wheels = [
    { url = "https://nexus3.rabobank.nl/repository/pypi-proxy/packages/mypy/1.9.0/mypy-1.9.0-cp310-cp310-macosx_10_9_x86_64.whl", hash = "sha256:f8a67616990062232ee4c3952f41c779afac41405806042a8126fe96e098419f" },
    { url = "https://nexus3.rabobank.nl/repository/pypi-proxy/packages/mypy/1.9.0/mypy-1.9.0-cp310-cp310-macosx_11_0_arm64.whl", hash = "sha256:d357423fa57a489e8c47b7c85dfb96698caba13d66e086b412298a1a0ea3b0ed" },
    { url = "https://nexus3.rabobank.nl/repository/pypi-proxy/packages/mypy/1.9.0/mypy-1.9.0-cp310-cp310-manylinux_2_17_x86_64.manylinux2014_x86_64.whl", hash = "sha256:49c87c15aed320de9b438ae7b00c1ac91cd393c1b854c2ce538e2a72d55df150" },
    { url = "https://nexus3.rabobank.nl/repository/pypi-proxy/packages/mypy/1.9.0/mypy-1.9.0-cp310-cp310-musllinux_1_1_x86_64.whl", hash = "sha256:48533cdd345c3c2e5ef48ba3b0d3880b257b423e7995dada04248725c6f77374" },
    { url = "https://nexus3.rabobank.nl/repository/pypi-proxy/packages/mypy/1.9.0/mypy-1.9.0-cp310-cp310-win_amd64.whl", hash = "sha256:4d3dbd346cfec7cb98e6cbb6e0f3c23618af826316188d587d1c1bc34f0ede03" },
    { url = "https://nexus3.rabobank.nl/repository/pypi-proxy/packages/mypy/1.9.0/mypy-1.9.0-cp311-cp311-macosx_10_9_x86_64.whl", hash = "sha256:653265f9a2784db65bfca694d1edd23093ce49740b2244cde583aeb134c008f3" },
    { url = "https://nexus3.rabobank.nl/repository/pypi-proxy/packages/mypy/1.9.0/mypy-1.9.0-cp311-cp311-macosx_11_0_arm64.whl", hash = "sha256:3a3c007ff3ee90f69cf0a15cbcdf0995749569b86b6d2f327af01fd1b8aee9dc" },
    { url = "https://nexus3.rabobank.nl/repository/pypi-proxy/packages/mypy/1.9.0/mypy-1.9.0-cp311-cp311-manylinux_2_17_x86_64.manylinux2014_x86_64.whl", hash = "sha256:2418488264eb41f69cc64a69a745fad4a8f86649af4b1041a4c64ee61fc61129" },
    { url = "https://nexus3.rabobank.nl/repository/pypi-proxy/packages/mypy/1.9.0/mypy-1.9.0-cp311-cp311-musllinux_1_1_x86_64.whl", hash = "sha256:68edad3dc7d70f2f17ae4c6c1b9471a56138ca22722487eebacfd1eb5321d612" },
    { url = "https://nexus3.rabobank.nl/repository/pypi-proxy/packages/mypy/1.9.0/mypy-1.9.0-cp311-cp311-win_amd64.whl", hash = "sha256:85ca5fcc24f0b4aeedc1d02f93707bccc04733f21d41c88334c5482219b1ccb3" },
    { url = "https://nexus3.rabobank.nl/repository/pypi-proxy/packages/mypy/1.9.0/mypy-1.9.0-cp312-cp312-macosx_10_9_x86_64.whl", hash = "sha256:aceb1db093b04db5cd390821464504111b8ec3e351eb85afd1433490163d60cd" },
    { url = "https://nexus3.rabobank.nl/repository/pypi-proxy/packages/mypy/1.9.0/mypy-1.9.0-cp312-cp312-macosx_11_0_arm64.whl", hash = "sha256:0235391f1c6f6ce487b23b9dbd1327b4ec33bb93934aa986efe8a9563d9349e6" },
    { url = "https://nexus3.rabobank.nl/repository/pypi-proxy/packages/mypy/1.9.0/mypy-1.9.0-cp312-cp312-manylinux_2_17_x86_64.manylinux2014_x86_64.whl", hash = "sha256:d4d5ddc13421ba3e2e082a6c2d74c2ddb3979c39b582dacd53dd5d9431237185" },
    { url = "https://nexus3.rabobank.nl/repository/pypi-proxy/packages/mypy/1.9.0/mypy-1.9.0-cp312-cp312-musllinux_1_1_x86_64.whl", hash = "sha256:190da1ee69b427d7efa8aa0d5e5ccd67a4fb04038c380237a0d96829cb157913" },
    { url = "https://nexus3.rabobank.nl/repository/pypi-proxy/packages/mypy/1.9.0/mypy-1.9.0-cp312-cp312-win_amd64.whl", hash = "sha256:fe28657de3bfec596bbeef01cb219833ad9d38dd5393fc649f4b366840baefe6" },
    { url = "https://nexus3.rabobank.nl/repository/pypi-proxy/packages/mypy/1.9.0/mypy-1.9.0-py3-none-any.whl", hash = "sha256:a260627a570559181a9ea5de61ac6297aa5af202f06fd7ab093ce74e7181e43e" },
]

[[package]]
name = "mypy-extensions"
version = "1.1.0"
source = { registry = "https://nexus3.rabobank.nl/repository/pypi-proxy/simple" }
sdist = { url = "https://nexus3.rabobank.nl/repository/pypi-proxy/packages/mypy-extensions/1.1.0/mypy_extensions-1.1.0.tar.gz", hash = "sha256:52e68efc3284861e772bbcd66823fde5ae21fd2fdb51c62a211403730b916558" }
wheels = [
    { url = "https://nexus3.rabobank.nl/repository/pypi-proxy/packages/mypy-extensions/1.1.0/mypy_extensions-1.1.0-py3-none-any.whl", hash = "sha256:1be4cccdb0f2482337c4743e60421de3a356cd97508abadd57d47403e94f5505" },
]

[[package]]
name = "packaging"
version = "26.2"
source = { registry = "https://nexus3.rabobank.nl/repository/pypi-proxy/simple" }
sdist = { url = "https://nexus3.rabobank.nl/repository/pypi-proxy/packages/packaging/26.2/packaging-26.2.tar.gz", hash = "sha256:ff452ff5a3e828ce110190feff1178bb1f2ea2281fa2075aadb987c2fb221661" }
wheels = [
    { url = "https://nexus3.rabobank.nl/repository/pypi-proxy/packages/packaging/26.2/packaging-26.2-py3-none-any.whl", hash = "sha256:5fc45236b9446107ff2415ce77c807cee2862cb6fac22b8a73826d0693b0980e" },
]

[[package]]
name = "pathspec"
version = "1.1.1"
source = { registry = "https://nexus3.rabobank.nl/repository/pypi-proxy/simple" }
sdist = { url = "https://nexus3.rabobank.nl/repository/pypi-proxy/packages/pathspec/1.1.1/pathspec-1.1.1.tar.gz", hash = "sha256:17db5ecd524104a120e173814c90367a96a98d07c45b2e10c2f3919fff91bf5a" }
wheels = [
    { url = "https://nexus3.rabobank.nl/repository/pypi-proxy/packages/pathspec/1.1.1/pathspec-1.1.1-py3-none-any.whl", hash = "sha256:a00ce642f577bf7f473932318056212bc4f8bfdf53128c78bbd5af0b9b20b189" },
]

[[package]]
name = "platformdirs"
version = "4.10.0"
source = { registry = "https://nexus3.rabobank.nl/repository/pypi-proxy/simple" }
sdist = { url = "https://nexus3.rabobank.nl/repository/pypi-proxy/packages/platformdirs/4.10.0/platformdirs-4.10.0.tar.gz", hash = "sha256:31e761a6a0ca04faf7353ea759bdba55652be214725111e5aac52dfa29d4bef7" }
wheels = [
    { url = "https://nexus3.rabobank.nl/repository/pypi-proxy/packages/platformdirs/4.10.0/platformdirs-4.10.0-py3-none-any.whl", hash = "sha256:fb516cdb12eb0d857d0cd85a7c57cea4d060bee4578d6cf5a14dfdf8cbf8784a" },
]

[[package]]
name = "pluggy"
version = "1.6.0"
source = { registry = "https://nexus3.rabobank.nl/repository/pypi-proxy/simple" }
sdist = { url = "https://nexus3.rabobank.nl/repository/pypi-proxy/packages/pluggy/1.6.0/pluggy-1.6.0.tar.gz", hash = "sha256:7dcc130b76258d33b90f61b658791dede3486c3e6bfb003ee5c9bfb396dd22f3" }
wheels = [
    { url = "https://nexus3.rabobank.nl/repository/pypi-proxy/packages/pluggy/1.6.0/pluggy-1.6.0-py3-none-any.whl", hash = "sha256:e920276dd6813095e9377c0bc5566d94c932c33b27a3e3945d8389c374dd4746" },
]

[[package]]
name = "py4j"
version = "0.10.9.7"
source = { registry = "https://nexus3.rabobank.nl/repository/pypi-proxy/simple" }
sdist = { url = "https://nexus3.rabobank.nl/repository/pypi-proxy/packages/py4j/0.10.9.7/py4j-0.10.9.7.tar.gz", hash = "sha256:0b6e5315bb3ada5cf62ac651d107bb2ebc02def3dee9d9548e3baac644ea8dbb" }
wheels = [
    { url = "https://nexus3.rabobank.nl/repository/pypi-proxy/packages/py4j/0.10.9.7/py4j-0.10.9.7-py2.py3-none-any.whl", hash = "sha256:85defdfd2b2376eb3abf5ca6474b51ab7e0de341c75a02f46dc9b5976f5a5c1b" },
]

[[package]]
name = "pylint"
version = "3.1.0"
source = { registry = "https://nexus3.rabobank.nl/repository/pypi-proxy/simple" }
dependencies = [
    { name = "astroid" },
    { name = "colorama", marker = "sys_platform == 'win32'" },
    { name = "dill" },
    { name = "isort" },
    { name = "mccabe" },
    { name = "platformdirs" },
    { name = "tomli", marker = "python_full_version < '3.11'" },
    { name = "tomlkit" },
]
sdist = { url = "https://nexus3.rabobank.nl/repository/pypi-proxy/packages/pylint/3.1.0/pylint-3.1.0.tar.gz", hash = "sha256:6a69beb4a6f63debebaab0a3477ecd0f559aa726af4954fc948c51f7a2549e23" }
wheels = [
    { url = "https://nexus3.rabobank.nl/repository/pypi-proxy/packages/pylint/3.1.0/pylint-3.1.0-py3-none-any.whl", hash = "sha256:507a5b60953874766d8a366e8e8c7af63e058b26345cfcb5f91f89d987fd6b74" },
]

[[package]]
name = "pyspark"
version = "3.5.0"
source = { registry = "https://nexus3.rabobank.nl/repository/pypi-proxy/simple" }
dependencies = [
    { name = "py4j" },
]
sdist = { url = "https://nexus3.rabobank.nl/repository/pypi-proxy/packages/pyspark/3.5.0/pyspark-3.5.0.tar.gz", hash = "sha256:d41a9b76bd2aca370a6100d075c029e22ba44c5940927877e9435a3a9c566558" }

[[package]]
name = "pytest"
version = "7.4.4"
source = { registry = "https://nexus3.rabobank.nl/repository/pypi-proxy/simple" }
dependencies = [
    { name = "colorama", marker = "sys_platform == 'win32'" },
    { name = "exceptiongroup", marker = "python_full_version < '3.11'" },
    { name = "iniconfig" },
    { name = "packaging" },
    { name = "pluggy" },
    { name = "tomli", marker = "python_full_version < '3.11'" },
]
sdist = { url = "https://nexus3.rabobank.nl/repository/pypi-proxy/packages/pytest/7.4.4/pytest-7.4.4.tar.gz", hash = "sha256:2cf0005922c6ace4a3e2ec8b4080eb0d9753fdc93107415332f50ce9e7994280" }
wheels = [
    { url = "https://nexus3.rabobank.nl/repository/pypi-proxy/packages/pytest/7.4.4/pytest-7.4.4-py3-none-any.whl", hash = "sha256:b090cdf5ed60bf4c45261be03239c2c1c22df034fbffe691abe93cd80cea01d8" },
]

[[package]]
name = "setuptools"
version = "80.10.2"
source = { registry = "https://nexus3.rabobank.nl/repository/pypi-proxy/simple" }
sdist = { url = "https://nexus3.rabobank.nl/repository/pypi-proxy/packages/setuptools/80.10.2/setuptools-80.10.2.tar.gz", hash = "sha256:8b0e9d10c784bf7d262c4e5ec5d4ec94127ce206e8738f29a437945fbc219b70" }
wheels = [
    { url = "https://nexus3.rabobank.nl/repository/pypi-proxy/packages/setuptools/80.10.2/setuptools-80.10.2-py3-none-any.whl", hash = "sha256:95b30ddfb717250edb492926c92b5221f7ef3fbcc2b07579bcd4a27da21d0173" },
]

[[package]]
name = "tomli"
version = "2.4.1"
source = { registry = "https://nexus3.rabobank.nl/repository/pypi-proxy/simple" }
sdist = { url = "https://nexus3.rabobank.nl/repository/pypi-proxy/packages/tomli/2.4.1/tomli-2.4.1.tar.gz", hash = "sha256:7c7e1a961a0b2f2472c1ac5b69affa0ae1132c39adcb67aba98568702b9cc23f" }
wheels = [
    { url = "https://nexus3.rabobank.nl/repository/pypi-proxy/packages/tomli/2.4.1/tomli-2.4.1-cp311-cp311-macosx_10_9_x86_64.whl", hash = "sha256:f8f0fc26ec2cc2b965b7a3b87cd19c5c6b8c5e5f436b984e85f486d652285c30" },
    { url = "https://nexus3.rabobank.nl/repository/pypi-proxy/packages/tomli/2.4.1/tomli-2.4.1-cp311-cp311-macosx_11_0_arm64.whl", hash = "sha256:4ab97e64ccda8756376892c53a72bd1f964e519c77236368527f758fbc36a53a" },
    { url = "https://nexus3.rabobank.nl/repository/pypi-proxy/packages/tomli/2.4.1/tomli-2.4.1-cp311-cp311-manylinux2014_aarch64.manylinux_2_17_aarch64.manylinux_2_28_aarch64.whl", hash = "sha256:96481a5786729fd470164b47cdb3e0e58062a496f455ee41b4403be77cb5a076" },
    { url = "https://nexus3.rabobank.nl/repository/pypi-proxy/packages/tomli/2.4.1/tomli-2.4.1-cp311-cp311-manylinux2014_x86_64.manylinux_2_17_x86_64.manylinux_2_28_x86_64.whl", hash = "sha256:5a881ab208c0baf688221f8cecc5401bd291d67e38a1ac884d6736cbcd8247e9" },
    { url = "https://nexus3.rabobank.nl/repository/pypi-proxy/packages/tomli/2.4.1/tomli-2.4.1-cp311-cp311-musllinux_1_2_aarch64.whl", hash = "sha256:47149d5bd38761ac8be13a84864bf0b7b70bc051806bc3669ab1cbc56216b23c" },
    { url = "https://nexus3.rabobank.nl/repository/pypi-proxy/packages/tomli/2.4.1/tomli-2.4.1-cp311-cp311-musllinux_1_2_x86_64.whl", hash = "sha256:ec9bfaf3ad2df51ace80688143a6a4ebc09a248f6ff781a9945e51937008fcbc" },
    { url = "https://nexus3.rabobank.nl/repository/pypi-proxy/packages/tomli/2.4.1/tomli-2.4.1-cp311-cp311-win32.whl", hash = "sha256:ff2983983d34813c1aeb0fa89091e76c3a22889ee83ab27c5eeb45100560c049" },
    { url = "https://nexus3.rabobank.nl/repository/pypi-proxy/packages/tomli/2.4.1/tomli-2.4.1-cp311-cp311-win_amd64.whl", hash = "sha256:5ee18d9ebdb417e384b58fe414e8d6af9f4e7a0ae761519fb50f721de398dd4e" },
    { url = "https://nexus3.rabobank.nl/repository/pypi-proxy/packages/tomli/2.4.1/tomli-2.4.1-cp311-cp311-win_arm64.whl", hash = "sha256:c2541745709bad0264b7d4705ad453b76ccd191e64aa6f0fc66b69a293a45ece" },
    { url = "https://nexus3.rabobank.nl/repository/pypi-proxy/packages/tomli/2.4.1/tomli-2.4.1-cp312-cp312-macosx_10_13_x86_64.whl", hash = "sha256:c742f741d58a28940ce01d58f0ab2ea3ced8b12402f162f4d534dfe18ba1cd6a" },
    { url = "https://nexus3.rabobank.nl/repository/pypi-proxy/packages/tomli/2.4.1/tomli-2.4.1-cp312-cp312-macosx_11_0_arm64.whl", hash = "sha256:7f86fd587c4ed9dd76f318225e7d9b29cfc5a9d43de44e5754db8d1128487085" },
    { url = "https://nexus3.rabobank.nl/repository/pypi-proxy/packages/tomli/2.4.1/tomli-2.4.1-cp312-cp312-manylinux2014_aarch64.manylinux_2_17_aarch64.manylinux_2_28_aarch64.whl", hash = "sha256:ff18e6a727ee0ab0388507b89d1bc6a22b138d1e2fa56d1ad494586d61d2eae9" },
    { url = "https://nexus3.rabobank.nl/repository/pypi-proxy/packages/tomli/2.4.1/tomli-2.4.1-cp312-cp312-manylinux2014_x86_64.manylinux_2_17_x86_64.manylinux_2_28_x86_64.whl", hash = "sha256:136443dbd7e1dee43c68ac2694fde36b2849865fa258d39bf822c10e8068eac5" },
    { url = "https://nexus3.rabobank.nl/repository/pypi-proxy/packages/tomli/2.4.1/tomli-2.4.1-cp312-cp312-musllinux_1_2_aarch64.whl", hash = "sha256:5e262d41726bc187e69af7825504c933b6794dc3fbd5945e41a79bb14c31f585" },
    { url = "https://nexus3.rabobank.nl/repository/pypi-proxy/packages/tomli/2.4.1/tomli-2.4.1-cp312-cp312-musllinux_1_2_x86_64.whl", hash = "sha256:5cb41aa38891e073ee49d55fbc7839cfdb2bc0e600add13874d048c94aadddd1" },
    { url = "https://nexus3.rabobank.nl/repository/pypi-proxy/packages/tomli/2.4.1/tomli-2.4.1-cp312-cp312-win32.whl", hash = "sha256:da25dc3563bff5965356133435b757a795a17b17d01dbc0f42fb32447ddfd917" },
    { url = "https://nexus3.rabobank.nl/repository/pypi-proxy/packages/tomli/2.4.1/tomli-2.4.1-cp312-cp312-win_amd64.whl", hash = "sha256:52c8ef851d9a240f11a88c003eacb03c31fc1c9c4ec64a99a0f922b93874fda9" },
    { url = "https://nexus3.rabobank.nl/repository/pypi-proxy/packages/tomli/2.4.1/tomli-2.4.1-cp312-cp312-win_arm64.whl", hash = "sha256:f758f1b9299d059cc3f6546ae2af89670cb1c4d48ea29c3cacc4fe7de3058257" },
    { url = "https://nexus3.rabobank.nl/repository/pypi-proxy/packages/tomli/2.4.1/tomli-2.4.1-cp313-cp313-macosx_10_13_x86_64.whl", hash = "sha256:36d2bd2ad5fb9eaddba5226aa02c8ec3fa4f192631e347b3ed28186d43be6b54" },
    { url = "https://nexus3.rabobank.nl/repository/pypi-proxy/packages/tomli/2.4.1/tomli-2.4.1-cp313-cp313-macosx_11_0_arm64.whl", hash = "sha256:eb0dc4e38e6a1fd579e5d50369aa2e10acfc9cace504579b2faabb478e76941a" },
    { url = "https://nexus3.rabobank.nl/repository/pypi-proxy/packages/tomli/2.4.1/tomli-2.4.1-cp313-cp313-manylinux2014_aarch64.manylinux_2_17_aarch64.manylinux_2_28_aarch64.whl", hash = "sha256:c7f2c7f2b9ca6bdeef8f0fa897f8e05085923eb091721675170254cbc5b02897" },
    { url = "https://nexus3.rabobank.nl/repository/pypi-proxy/packages/tomli/2.4.1/tomli-2.4.1-cp313-cp313-manylinux2014_x86_64.manylinux_2_17_x86_64.manylinux_2_28_x86_64.whl", hash = "sha256:f3c6818a1a86dd6dca7ddcaaf76947d5ba31aecc28cb1b67009a5877c9a64f3f" },
    { url = "https://nexus3.rabobank.nl/repository/pypi-proxy/packages/tomli/2.4.1/tomli-2.4.1-cp313-cp313-musllinux_1_2_aarch64.whl", hash = "sha256:d312ef37c91508b0ab2cee7da26ec0b3ed2f03ce12bd87a588d771ae15dcf82d" },
    { url = "https://nexus3.rabobank.nl/repository/pypi-proxy/packages/tomli/2.4.1/tomli-2.4.1-cp313-cp313-musllinux_1_2_x86_64.whl", hash = "sha256:51529d40e3ca50046d7606fa99ce3956a617f9b36380da3b7f0dd3dd28e68cb5" },
    { url = "https://nexus3.rabobank.nl/repository/pypi-proxy/packages/tomli/2.4.1/tomli-2.4.1-cp313-cp313-win32.whl", hash = "sha256:2190f2e9dd7508d2a90ded5ed369255980a1bcdd58e52f7fe24b8162bf9fedbd" },
    { url = "https://nexus3.rabobank.nl/repository/pypi-proxy/packages/tomli/2.4.1/tomli-2.4.1-cp313-cp313-win_amd64.whl", hash = "sha256:8d65a2fbf9d2f8352685bc1364177ee3923d6baf5e7f43ea4959d7d8bc326a36" },
    { url = "https://nexus3.rabobank.nl/repository/pypi-proxy/packages/tomli/2.4.1/tomli-2.4.1-cp313-cp313-win_arm64.whl", hash = "sha256:4b605484e43cdc43f0954ddae319fb75f04cc10dd80d830540060ee7cd0243cd" },
    { url = "https://nexus3.rabobank.nl/repository/pypi-proxy/packages/tomli/2.4.1/tomli-2.4.1-cp314-cp314-macosx_10_15_x86_64.whl", hash = "sha256:fd0409a3653af6c147209d267a0e4243f0ae46b011aa978b1080359fddc9b6cf" },
    { url = "https://nexus3.rabobank.nl/repository/pypi-proxy/packages/tomli/2.4.1/tomli-2.4.1-cp314-cp314-macosx_11_0_arm64.whl", hash = "sha256:a120733b01c45e9a0c34aeef92bf0cf1d56cfe81ed9d47d562f9ed591a9828ac" },
    { url = "https://nexus3.rabobank.nl/repository/pypi-proxy/packages/tomli/2.4.1/tomli-2.4.1-cp314-cp314-manylinux2014_aarch64.manylinux_2_17_aarch64.manylinux_2_28_aarch64.whl", hash = "sha256:559db847dc486944896521f68d8190be1c9e719fced785720d2216fe7022b662" },
    { url = "https://nexus3.rabobank.nl/repository/pypi-proxy/packages/tomli/2.4.1/tomli-2.4.1-cp314-cp314-manylinux2014_x86_64.manylinux_2_17_x86_64.manylinux_2_28_x86_64.whl", hash = "sha256:01f520d4f53ef97964a240a035ec2a869fe1a37dde002b57ebc4417a27ccd853" },
    { url = "https://nexus3.rabobank.nl/repository/pypi-proxy/packages/tomli/2.4.1/tomli-2.4.1-cp314-cp314-musllinux_1_2_aarch64.whl", hash = "sha256:7f94b27a62cfad8496c8d2513e1a222dd446f095fca8987fceef261225538a15" },
    { url = "https://nexus3.rabobank.nl/repository/pypi-proxy/packages/tomli/2.4.1/tomli-2.4.1-cp314-cp314-musllinux_1_2_x86_64.whl", hash = "sha256:ede3e6487c5ef5d28634ba3f31f989030ad6af71edfb0055cbbd14189ff240ba" },
    { url = "https://nexus3.rabobank.nl/repository/pypi-proxy/packages/tomli/2.4.1/tomli-2.4.1-cp314-cp314-win32.whl", hash = "sha256:3d48a93ee1c9b79c04bb38772ee1b64dcf18ff43085896ea460ca8dec96f35f6" },
    { url = "https://nexus3.rabobank.nl/repository/pypi-proxy/packages/tomli/2.4.1/tomli-2.4.1-cp314-cp314-win_amd64.whl", hash = "sha256:88dceee75c2c63af144e456745e10101eb67361050196b0b6af5d717254dddf7" },
    { url = "https://nexus3.rabobank.nl/repository/pypi-proxy/packages/tomli/2.4.1/tomli-2.4.1-cp314-cp314-win_arm64.whl", hash = "sha256:b8c198f8c1805dc42708689ed6864951fd2494f924149d3e4bce7710f8eb5232" },
    { url = "https://nexus3.rabobank.nl/repository/pypi-proxy/packages/tomli/2.4.1/tomli-2.4.1-cp314-cp314t-macosx_10_15_x86_64.whl", hash = "sha256:d4d8fe59808a54658fcc0160ecfb1b30f9089906c50b23bcb4c69eddc19ec2b4" },
    { url = "https://nexus3.rabobank.nl/repository/pypi-proxy/packages/tomli/2.4.1/tomli-2.4.1-cp314-cp314t-macosx_11_0_arm64.whl", hash = "sha256:7008df2e7655c495dd12d2a4ad038ff878d4ca4b81fccaf82b714e07eae4402c" },
    { url = "https://nexus3.rabobank.nl/repository/pypi-proxy/packages/tomli/2.4.1/tomli-2.4.1-cp314-cp314t-manylinux2014_aarch64.manylinux_2_17_aarch64.manylinux_2_28_aarch64.whl", hash = "sha256:1d8591993e228b0c930c4bb0db464bdad97b3289fb981255d6c9a41aedc84b2d" },
    { url = "https://nexus3.rabobank.nl/repository/pypi-proxy/packages/tomli/2.4.1/tomli-2.4.1-cp314-cp314t-manylinux2014_x86_64.manylinux_2_17_x86_64.manylinux_2_28_x86_64.whl", hash = "sha256:734e20b57ba95624ecf1841e72b53f6e186355e216e5412de414e3c51e5e3c41" },
    { url = "https://nexus3.rabobank.nl/repository/pypi-proxy/packages/tomli/2.4.1/tomli-2.4.1-cp314-cp314t-musllinux_1_2_aarch64.whl", hash = "sha256:8a650c2dbafa08d42e51ba0b62740dae4ecb9338eefa093aa5c78ceb546fcd5c" },
    { url = "https://nexus3.rabobank.nl/repository/pypi-proxy/packages/tomli/2.4.1/tomli-2.4.1-cp314-cp314t-musllinux_1_2_x86_64.whl", hash = "sha256:504aa796fe0569bb43171066009ead363de03675276d2d121ac1a4572397870f" },
    { url = "https://nexus3.rabobank.nl/repository/pypi-proxy/packages/tomli/2.4.1/tomli-2.4.1-cp314-cp314t-win32.whl", hash = "sha256:b1d22e6e9387bf4739fbe23bfa80e93f6b0373a7f1b96c6227c32bef95a4d7a8" },
    { url = "https://nexus3.rabobank.nl/repository/pypi-proxy/packages/tomli/2.4.1/tomli-2.4.1-cp314-cp314t-win_amd64.whl", hash = "sha256:2c1c351919aca02858f740c6d33adea0c5deea37f9ecca1cc1ef9e884a619d26" },
    { url = "https://nexus3.rabobank.nl/repository/pypi-proxy/packages/tomli/2.4.1/tomli-2.4.1-cp314-cp314t-win_arm64.whl", hash = "sha256:eab21f45c7f66c13f2a9e0e1535309cee140182a9cdae1e041d02e47291e8396" },
    { url = "https://nexus3.rabobank.nl/repository/pypi-proxy/packages/tomli/2.4.1/tomli-2.4.1-py3-none-any.whl", hash = "sha256:0d85819802132122da43cb86656f8d1f8c6587d54ae7dcaf30e90533028b49fe" },
]

[[package]]
name = "tomlkit"
version = "0.15.0"
source = { registry = "https://nexus3.rabobank.nl/repository/pypi-proxy/simple" }
sdist = { url = "https://nexus3.rabobank.nl/repository/pypi-proxy/packages/tomlkit/0.15.0/tomlkit-0.15.0.tar.gz", hash = "sha256:7d1a9ecba3086638211b13814ea79c90dd54dd11993564376f3aa92271f5c7a3" }
wheels = [
    { url = "https://nexus3.rabobank.nl/repository/pypi-proxy/packages/tomlkit/0.15.0/tomlkit-0.15.0-py3-none-any.whl", hash = "sha256:4dbc8f0fc024412b57ced8757ac7461305126a648ff8c2c807fcb8e133a78738" },
]

[[package]]
name = "typing-extensions"
version = "4.15.0"
source = { registry = "https://nexus3.rabobank.nl/repository/pypi-proxy/simple" }
sdist = { url = "https://nexus3.rabobank.nl/repository/pypi-proxy/packages/typing-extensions/4.15.0/typing_extensions-4.15.0.tar.gz", hash = "sha256:0cea48d173cc12fa28ecabc3b837ea3cf6f38c6d1136f85cbaaf598984861466" }
wheels = [
    { url = "https://nexus3.rabobank.nl/repository/pypi-proxy/packages/typing-extensions/4.15.0/typing_extensions-4.15.0-py3-none-any.whl", hash = "sha256:f0fa19c6845758ab08074a0cfa8b7aecb71c999ca73d62883bc25cc018c4e548" },
]
